
Microsoft Visual Studio Solution File, Format Version 12.00
# Visual Studio Version 17
VisualStudioVersion = 17.11.35327.3
MinimumVisualStudioVersion = 10.0.40219.1
Project("{FAE04EC0-301F-11D3-BF4B-00C04F79EFBC}") = "Library_ilmasheva", "Library_ilmasheva\Library_ilmasheva.csproj", "{10F13B8D-F61E-4B9C-9CE1-3EB9F9D3E50C}"
EndProject
Global
	GlobalSection(SolutionConfigurationPlatforms) = preSolution
		Debug|Any CPU = Debug|Any CPU
		Release|Any CPU = Release|Any CPU
	EndGlobalSection
	GlobalSection(ProjectConfigurationPlatforms) = postSolution
		{10F13B8D-F61E-4B9C-9CE1-3EB9F9D3E50C}.Debug|Any CPU.ActiveCfg = Debug|Any CPU
		{10F13B8D-F61E-4B9C-9CE1-3EB9F9D3E50C}.Debug|Any CPU.Build.0 = Debug|Any CPU
		{10F13B8D-F61E-4B9C-9CE1-3EB9F9D3E50C}.Release|Any CPU.ActiveCfg = Release|Any CPU
		{10F13B8D-F61E-4B9C-9CE1-3EB9F9D3E50C}.Release|Any CPU.Build.0 = Release|Any CPU
	EndGlobalSection
	GlobalSection(SolutionProperties) = preSolution
		HideSolutionNode = FALSE
	EndGlobalSection
	GlobalSection(ExtensibilityGlobals) = postSolution
		SolutionGuid = {05DFD3A0-8922-457C-95BD-22C4E548B80C}
	EndGlobalSection
EndGlobal
